Microsoft Visual Studio Solution File, Format Version 12.00
# Visual Studio 15
Project("{8BC9CEB8-8B4A-11D0-8D11-00A0C91BC942}") = "ALL_BUILD", "ALL_BUILD.vcxproj", "{81F9A080-0B76-3312-A3A3-3B3CA375E727}"
	ProjectSection(ProjectDependencies) = postProject
		{9F6A6C64-CDD7-306E-9CBA-0E1F505D3C0B} = {9F6A6C64-CDD7-306E-9CBA-0E1F505D3C0B}
		{6F072EAC-7275-3B9B-9CAE-ABC2B80FAEF7} = {6F072EAC-7275-3B9B-9CAE-ABC2B80FAEF7}
	EndProjectSection
EndProject
Project("{8BC9CEB8-8B4A-11D0-8D11-00A0C91BC942}") = "Chapter5", "Chapter5.vcxproj", "{9F6A6C64-CDD7-306E-9CBA-0E1F505D3C0B}"
	ProjectSection(ProjectDependencies) = postProject
		{6F072EAC-7275-3B9B-9CAE-ABC2B80FAEF7} = {6F072EAC-7275-3B9B-9CAE-ABC2B80FAEF7}
	EndProjectSection
EndProject
Project("{8BC9CEB8-8B4A-11D0-8D11-00A0C91BC942}") = "ZERO_CHECK", "ZERO_CHECK.vcxproj", "{6F072EAC-7275-3B9B-9CAE-ABC2B80FAEF7}"
	ProjectSection(ProjectDependencies) = postProject
	EndProjectSection
EndProject
Global
	GlobalSection(SolutionConfigurationPlatforms) = preSolution
		Debug|x64 = Debug|x64
		Release|x64 = Release|x64
		MinSizeRel|x64 = MinSizeRel|x64
		RelWithDebInfo|x64 = RelWithDebInfo|x64
	EndGlobalSection
	GlobalSection(ProjectConfigurationPlatforms) = postSolution
		{81F9A080-0B76-3312-A3A3-3B3CA375E727}.Debug|x64.ActiveCfg = Debug|x64
		{81F9A080-0B76-3312-A3A3-3B3CA375E727}.Release|x64.ActiveCfg = Release|x64
		{81F9A080-0B76-3312-A3A3-3B3CA375E727}.MinSizeRel|x64.ActiveCfg = MinSizeRel|x64
		{81F9A080-0B76-3312-A3A3-3B3CA375E727}.RelWithDebInfo|x64.ActiveCfg = RelWithDebInfo|x64
		{9F6A6C64-CDD7-306E-9CBA-0E1F505D3C0B}.Debug|x64.ActiveCfg = Debug|x64
		{9F6A6C64-CDD7-306E-9CBA-0E1F505D3C0B}.Debug|x64.Build.0 = Debug|x64
		{9F6A6C64-CDD7-306E-9CBA-0E1F505D3C0B}.Release|x64.ActiveCfg = Release|x64
		{9F6A6C64-CDD7-306E-9CBA-0E1F505D3C0B}.Release|x64.Build.0 = Release|x64
		{9F6A6C64-CDD7-306E-9CBA-0E1F505D3C0B}.MinSizeRel|x64.ActiveCfg = MinSizeRel|x64
		{9F6A6C64-CDD7-306E-9CBA-0E1F505D3C0B}.MinSizeRel|x64.Build.0 = MinSizeRel|x64
		{9F6A6C64-CDD7-306E-9CBA-0E1F505D3C0B}.RelWithDebInfo|x64.ActiveCfg = RelWithDebInfo|x64
		{9F6A6C64-CDD7-306E-9CBA-0E1F505D3C0B}.RelWithDebInfo|x64.Build.0 = RelWithDebInfo|x64
		{6F072EAC-7275-3B9B-9CAE-ABC2B80FAEF7}.Debug|x64.ActiveCfg = Debug|x64
		{6F072EAC-7275-3B9B-9CAE-ABC2B80FAEF7}.Debug|x64.Build.0 = Debug|x64
		{6F072EAC-7275-3B9B-9CAE-ABC2B80FAEF7}.Release|x64.ActiveCfg = Release|x64
		{6F072EAC-7275-3B9B-9CAE-ABC2B80FAEF7}.Release|x64.Build.0 = Release|x64
		{6F072EAC-7275-3B9B-9CAE-ABC2B80FAEF7}.MinSizeRel|x64.ActiveCfg = MinSizeRel|x64
		{6F072EAC-7275-3B9B-9CAE-ABC2B80FAEF7}.MinSizeRel|x64.Build.0 = MinSizeRel|x64
		{6F072EAC-7275-3B9B-9CAE-ABC2B80FAEF7}.RelWithDebInfo|x64.ActiveCfg = RelWithDebInfo|x64
		{6F072EAC-7275-3B9B-9CAE-ABC2B80FAEF7}.RelWithDebInfo|x64.Build.0 = RelWithDebInfo|x64
	EndGlobalSection
	GlobalSection(ExtensibilityGlobals) = postSolution
		SolutionGuid = {6749EB9A-12AF-3E2F-86EA-79166879578C}
	EndGlobalSection
	GlobalSection(ExtensibilityAddIns) = postSolution
	EndGlobalSection
EndGlobal
